
Microsoft Visual Studio Solution File, Format Version 12.00
# Visual Studio Version 16
VisualStudioVersion = 16.0.30717.126
MinimumVisualStudioVersion = 10.0.40219.1
Project("{FAE04EC0-301F-11D3-BF4B-00C04F79EFBC}") = "MVCNhibernate", "MVCNhibernate\MVCNhibernate.csproj", "{A3F126E0-2633-4C9E-B2ED-922C11A63A8E}"
EndProject
Global
	GlobalSection(SolutionConfigurationPlatforms) = preSolution
		Debug|Any CPU = Debug|Any CPU
		Release|Any CPU = Release|Any CPU
	EndGlobalSection
	GlobalSection(ProjectConfigurationPlatforms) = postSolution
		{A3F126E0-2633-4C9E-B2ED-922C11A63A8E}.Debug|Any CPU.ActiveCfg = Debug|Any CPU
		{A3F126E0-2633-4C9E-B2ED-922C11A63A8E}.Debug|Any CPU.Build.0 = Debug|Any CPU
		{A3F126E0-2633-4C9E-B2ED-922C11A63A8E}.Release|Any CPU.ActiveCfg = Release|Any CPU
		{A3F126E0-2633-4C9E-B2ED-922C11A63A8E}.Release|Any CPU.Build.0 = Release|Any CPU
	EndGlobalSection
	GlobalSection(SolutionProperties) = preSolution
		HideSolutionNode = FALSE
	EndGlobalSection
	GlobalSection(ExtensibilityGlobals) = postSolution
		SolutionGuid = {B76BBE22-9737-4861-BBBE-26EAE8B1CEE0}
	EndGlobalSection
EndGlobal
